<?xml version="1.0" encoding="utf-8"?>
<Project ToolsVersion="4.0" xmlns="http://schemas.microsoft.com/developer/msbuild/2003">
  <ItemGroup>
    <Filter Include="ソース ファイル">
      <UniqueIdentifier>{4FC737F1-C7A5-4376-A066-2A32D752A2FF}</UniqueIdentifier>
      <Extensions>cpp;c;cc;cxx;c++;cppm;ixx;def;odl;idl;hpj;bat;asm;asmx</Extensions>
    </Filter>
    <Filter Include="ヘッダー ファイル">
      <UniqueIdentifier>{93995380-89BD-4b04-88EB-625FBE52EBFB}</UniqueIdentifier>
      <Extensions>h;hh;hpp;hxx;h++;hm;inl;inc;ipp;xsd</Extensions>
    </Filter>
    <Filter Include="リソース ファイル">
      <UniqueIdentifier>{67DA6AB6-F800-4c08-8B7A-83BB121AAD01}</UniqueIdentifier>
      <Extensions>rc;ico;cur;bmp;dlg;rc2;rct;bin;rgs;gif;jpg;jpeg;jpe;resx;tiff;tif;png;wav;mfcribbon-ms</Extensions>
    </Filter>
    <Filter Include="ソース ファイル\GameSystem">
      <UniqueIdentifier>{6b6ec091-bca2-478e-a82a-d0d671e8b8bf}</UniqueIdentifier>
    </Filter>
    <Filter Include="ソース ファイル\GameSystem\Window">
      <UniqueIdentifier>{8c9cc5fa-9098-4661-bb7c-24cee76de90a}</UniqueIdentifier>
    </Filter>
    <Filter Include="ソース ファイル\GameSystem\GameSetting">
      <UniqueIdentifier>{03282fd5-c48b-4e4a-b94d-135d51d4e1f0}</UniqueIdentifier>
    </Filter>
    <Filter Include="ソース ファイル\Fps">
      <UniqueIdentifier>{ea868732-4625-4979-a3f9-2c9ac38f5148}</UniqueIdentifier>
    </Filter>
    <Filter Include="ソース ファイル\GameSystem\GameManager">
      <UniqueIdentifier>{a6598a3d-d9e8-49ea-8c82-08dbed368f13}</UniqueIdentifier>
    </Filter>
    <Filter Include="ソース ファイル\Scene">
      <UniqueIdentifier>{82fa659c-04fe-4b59-92dc-118d0c01ea6e}</UniqueIdentifier>
    </Filter>
    <Filter Include="ソース ファイル\Scene\SceneBase">
      <UniqueIdentifier>{d1931afa-28a1-4fd9-9f98-46f8bd881d51}</UniqueIdentifier>
    </Filter>
  </ItemGroup>
  <ItemGroup>
    <ClCompile Include="Code\main.cpp">
      <Filter>ソース ファイル</Filter>
    </ClCompile>
    <ClCompile Include="Code\GameSystem\Window\Window.cpp">
      <Filter>ソース ファイル\GameSystem\Window</Filter>
    </ClCompile>
    <ClCompile Include="Code\GameSystem\GameSetting\GameSetting.cpp">
      <Filter>ソース ファイル\GameSystem\GameSetting</Filter>
    </ClCompile>
    <ClCompile Include="Code\FPS\Fps.cpp">
      <Filter>ソース ファイル\Fps</Filter>
    </ClCompile>
    <ClCompile Include="Code\GameSystem\GameManager\GameManager.cpp">
      <Filter>ソース ファイル\GameSystem\GameManager</Filter>
    </ClCompile>
    <ClCompile Include="Code\Scene\SceneBase\SceneBase.cpp">
      <Filter>ソース ファイル\Scene\SceneBase</Filter>
    </ClCompile>
  </ItemGroup>
  <ItemGroup>
    <ClInclude Include="Code\GameSystem\Window\Window.h">
      <Filter>ソース ファイル\GameSystem\Window</Filter>
    </ClInclude>
    <ClInclude Include="Code\GameSystem\GameSetting\GameSetting.h">
      <Filter>ソース ファイル\GameSystem\GameSetting</Filter>
    </ClInclude>
    <ClInclude Include="Code\FPS\Fps.h">
      <Filter>ソース ファイル\Fps</Filter>
    </ClInclude>
    <ClInclude Include="Code\GameSystem\GameManager\GameManager.h">
      <Filter>ソース ファイル\GameSystem\GameManager</Filter>
    </ClInclude>
    <ClInclude Include="Code\Scene\SceneBase\SceneBase.h">
      <Filter>ソース ファイル\Scene\SceneBase</Filter>
    </ClInclude>
  </ItemGroup>
</Project>